// !$*UTF8*$!
{
	archiveVersion = 1;
	classes = {
	};
	objectVersion = 56;
	objects = {

/* Begin PBXBuildFile section */
		2C483B7B29D5892C002A3A3E /* AppDelegate.swift in Sources */ = {isa = PBXBuildFile; fileRef = 2C483B7A29D5892C002A3A3E /* AppDelegate.swift */; };
		2C483B7D29D5892C002A3A3E /* SceneDelegate.swift in Sources */ = {isa = PBXBuildFile; fileRef = 2C483B7C29D5892C002A3A3E /* SceneDelegate.swift */; };
		2C483B8429D5892D002A3A3E /* Assets.xcassets in Resources */ = {isa = PBXBuildFile; fileRef = 2C483B8329D5892D002A3A3E /* Assets.xcassets */; };
		2C483B8729D5892D002A3A3E /* LaunchScreen.storyboard in Resources */ = {isa = PBXBuildFile; fileRef = 2C483B8529D5892D002A3A3E /* LaunchScreen.storyboard */; };
		2C483B9029D5897B002A3A3E /* NeedleFoundation in Frameworks */ = {isa = PBXBuildFile; productRef = 2C483B8F29D5897B002A3A3E /* NeedleFoundation */; };
		2C483B9629D58AD6002A3A3E /* ViewModel.swift in Sources */ = {isa = PBXBuildFile; fileRef = 2C483B9529D58AD6002A3A3E /* ViewModel.swift */; };
		2C483B9829D58B5A002A3A3E /* ViewController.swift in Sources */ = {isa = PBXBuildFile; fileRef = 2C483B9729D58B5A002A3A3E /* ViewController.swift */; };
		2C483B9E29D5A396002A3A3E /* NeedleGenerated.swift in Sources */ = {isa = PBXBuildFile; fileRef = 2C483B9D29D5A396002A3A3E /* NeedleGenerated.swift */; };
		2C483BA229D5A473002A3A3E /* RootComponent.swift in Sources */ = {isa = PBXBuildFile; fileRef = 2C483BA129D5A473002A3A3E /* RootComponent.swift */; };
		2C483BA429D5A498002A3A3E /* PersonDependency.swift in Sources */ = {isa = PBXBuildFile; fileRef = 2C483BA329D5A498002A3A3E /* PersonDependency.swift */; };
		2C483BA629D5A4C8002A3A3E /* RobotDependency.swift in Sources */ = {isa = PBXBuildFile; fileRef = 2C483BA529D5A4C8002A3A3E /* RobotDependency.swift */; };
		2C483BA929D5A500002A3A3E /* DetailViewController.swift in Sources */ = {isa = PBXBuildFile; fileRef = 2C483BA829D5A500002A3A3E /* DetailViewController.swift */; };
/* End PBXBuildFile section */

/* Begin PBXFileReference section */
		2C483B7729D5892C002A3A3E /* Needle-Test.app */ = {isa = PBXFileReference; explicitFileType = wrapper.application; includeInIndex = 0; path = "Needle-Test.app"; sourceTree = BUILT_PRODUCTS_DIR; };
		2C483B7A29D5892C002A3A3E /* AppDelegate.swift */ = {isa = PBXFileReference; lastKnownFileType = sourcecode.swift; path = AppDelegate.swift; sourceTree = "<group>"; };
		2C483B7C29D5892C002A3A3E /* SceneDelegate.swift */ = {isa = PBXFileReference; lastKnownFileType = sourcecode.swift; path = SceneDelegate.swift; sourceTree = "<group>"; };
		2C483B8329D5892D002A3A3E /* Assets.xcassets */ = {isa = PBXFileReference; lastKnownFileType = folder.assetcatalog; path = Assets.xcassets; sourceTree = "<group>"; };
		2C483B8629D5892D002A3A3E /* Base */ = {isa = PBXFileReference; lastKnownFileType = file.storyboard; name = Base; path = Base.lproj/LaunchScreen.storyboard; sourceTree = "<group>"; };
		2C483B8829D5892D002A3A3E /* Info.plist */ = {isa = PBXFileReference; lastKnownFileType = text.plist.xml; path = Info.plist; sourceTree = "<group>"; };
		2C483B9529D58AD6002A3A3E /* ViewModel.swift */ = {isa = PBXFileReference; lastKnownFileType = sourcecode.swift; path = ViewModel.swift; sourceTree = "<group>"; };
		2C483B9729D58B5A002A3A3E /* ViewController.swift */ = {isa = PBXFileReference; lastKnownFileType = sourcecode.swift; path = ViewController.swift; sourceTree = "<group>"; };
		2C483B9D29D5A396002A3A3E /* NeedleGenerated.swift */ = {isa = PBXFileReference; fileEncoding = 4; lastKnownFileType = sourcecode.swift; path = NeedleGenerated.swift; sourceTree = "<group>"; };
		2C483BA129D5A473002A3A3E /* RootComponent.swift */ = {isa = PBXFileReference; lastKnownFileType = sourcecode.swift; path = RootComponent.swift; sourceTree = "<group>"; };
		2C483BA329D5A498002A3A3E /* PersonDependency.swift */ = {isa = PBXFileReference; lastKnownFileType = sourcecode.swift; path = PersonDependency.swift; sourceTree = "<group>"; };
		2C483BA529D5A4C8002A3A3E /* RobotDependency.swift */ = {isa = PBXFileReference; lastKnownFileType = sourcecode.swift; path = RobotDependency.swift; sourceTree = "<group>"; };
		2C483BA829D5A500002A3A3E /* DetailViewController.swift */ = {isa = PBXFileReference; lastKnownFileType = sourcecode.swift; path = DetailViewController.swift; sourceTree = "<group>"; };
/* End PBXFileReference section */

/* Begin PBXFrameworksBuildPhase section */
		2C483B7429D5892C002A3A3E /* Frameworks */ = {
			isa = PBXFrameworksBuildPhase;
			buildActionMask = 2147483647;
			files = (
				2C483B9029D5897B002A3A3E /* NeedleFoundation in Frameworks */,
			);
			runOnlyForDeploymentPostprocessing = 0;
		};
/* End PBXFrameworksBuildPhase section */

/* Begin PBXGroup section */
		2C483B6E29D5892C002A3A3E = {
			isa = PBXGroup;
			children = (
				2C483B7929D5892C002A3A3E /* Needle-Test */,
				2C483B7829D5892C002A3A3E /* Products */,
			);
			sourceTree = "<group>";
		};
		2C483B7829D5892C002A3A3E /* Products */ = {
			isa = PBXGroup;
			children = (
				2C483B7729D5892C002A3A3E /* Needle-Test.app */,
			);
			name = Products;
			sourceTree = "<group>";
		};
		2C483B7929D5892C002A3A3E /* Needle-Test */ = {
			isa = PBXGroup;
			children = (
				2C483B7A29D5892C002A3A3E /* AppDelegate.swift */,
				2C483B7C29D5892C002A3A3E /* SceneDelegate.swift */,
				2C483B9D29D5A396002A3A3E /* NeedleGenerated.swift */,
				2C483BA729D5A4E3002A3A3E /* Dependency */,
				2C483BAA29D5A526002A3A3E /* ViewModel */,
				2C483BAB29D5A52F002A3A3E /* View */,
				2C483B8329D5892D002A3A3E /* Assets.xcassets */,
				2C483B8529D5892D002A3A3E /* LaunchScreen.storyboard */,
				2C483B8829D5892D002A3A3E /* Info.plist */,
			);
			path = "Needle-Test";
			sourceTree = "<group>";
		};
		2C483BA729D5A4E3002A3A3E /* Dependency */ = {
			isa = PBXGroup;
			children = (
				2C483BA129D5A473002A3A3E /* RootComponent.swift */,
				2C483BA329D5A498002A3A3E /* PersonDependency.swift */,
				2C483BA529D5A4C8002A3A3E /* RobotDependency.swift */,
			);
			path = Dependency;
			sourceTree = "<group>";
		};
		2C483BAA29D5A526002A3A3E /* ViewModel */ = {
			isa = PBXGroup;
			children = (
				2C483B9529D58AD6002A3A3E /* ViewModel.swift */,
			);
			path = ViewModel;
			sourceTree = "<group>";
		};
		2C483BAB29D5A52F002A3A3E /* View */ = {
			isa = PBXGroup;
			children = (
				2C483B9729D58B5A002A3A3E /* ViewController.swift */,
				2C483BA829D5A500002A3A3E /* DetailViewController.swift */,
			);
			path = View;
			sourceTree = "<group>";
		};
/* End PBXGroup section */

/* Begin PBXNativeTarget section */
		2C483B7629D5892C002A3A3E /* Needle-Test */ = {
			isa = PBXNativeTarget;
			buildConfigurationList = 2C483B8B29D5892D002A3A3E /* Build configuration list for PBXNativeTarget "Needle-Test" */;
			buildPhases = (
				2C483B7329D5892C002A3A3E /* Sources */,
				2C483B7429D5892C002A3A3E /* Frameworks */,
				2C483B7529D5892C002A3A3E /* Resources */,
				2C483B9C29D5A05F002A3A3E /* ShellScript */,
			);
			buildRules = (
			);
			dependencies = (
			);
			name = "Needle-Test";
			packageProductDependencies = (
				2C483B8F29D5897B002A3A3E /* NeedleFoundation */,
			);
			productName = "Needle-Test";
			productReference = 2C483B7729D5892C002A3A3E /* Needle-Test.app */;
			productType = "com.apple.product-type.application";
		};
/* End PBXNativeTarget section */

/* Begin PBXProject section */
		2C483B6F29D5892C002A3A3E /* Project object */ = {
			isa = PBXProject;
			attributes = {
				BuildIndependentTargetsInParallel = 1;
				LastSwiftUpdateCheck = 1420;
				LastUpgradeCheck = 1420;
				TargetAttributes = {
					2C483B7629D5892C002A3A3E = {
						CreatedOnToolsVersion = 14.2;
					};
				};
			};
			buildConfigurationList = 2C483B7229D5892C002A3A3E /* Build configuration list for PBXProject "Needle-Test" */;
			compatibilityVersion = "Xcode 14.0";
			developmentRegion = en;
			hasScannedForEncodings = 0;
			knownRegions = (
				en,
				Base,
			);
			mainGroup = 2C483B6E29D5892C002A3A3E;
			packageReferences = (
				2C483B8E29D5897B002A3A3E /* XCRemoteSwiftPackageReference "needle" */,
			);
			productRefGroup = 2C483B7829D5892C002A3A3E /* Products */;
			projectDirPath = "";
			projectRoot = "";
			targets = (
				2C483B7629D5892C002A3A3E /* Needle-Test */,
			);
		};
/* End PBXProject section */

/* Begin PBXResourcesBuildPhase section */
		2C483B7529D5892C002A3A3E /* Resources */ = {
			isa = PBXResourcesBuildPhase;
			buildActionMask = 2147483647;
			files = (
				2C483B8729D5892D002A3A3E /* LaunchScreen.storyboard in Resources */,
				2C483B8429D5892D002A3A3E /* Assets.xcassets in Resources */,
			);
			runOnlyForDeploymentPostprocessing = 0;
		};
/* End PBXResourcesBuildPhase section */

/* Begin PBXShellScriptBuildPhase section */
		2C483B9C29D5A05F002A3A3E /* ShellScript */ = {
			isa = PBXShellScriptBuildPhase;
			buildActionMask = 2147483647;
			files = (
			);
			inputFileListPaths = (
			);
			inputPaths = (
			);
			outputFileListPaths = (
			);
			outputPaths = (
			);
			runOnlyForDeploymentPostprocessing = 0;
			shellPath = /bin/sh;
			shellScript = "# Type a script or drag a script file from your workspace to insert its path.\nneedle generate Needle-Test/NeedleGenerated.swift Needle-Test/\n\n";
		};
/* End PBXShellScriptBuildPhase section */

/* Begin PBXSourcesBuildPhase section */
		2C483B7329D5892C002A3A3E /* Sources */ = {
			isa = PBXSourcesBuildPhase;
			buildActionMask = 2147483647;
			files = (
				2C483B9829D58B5A002A3A3E /* ViewController.swift in Sources */,
				2C483B9629D58AD6002A3A3E /* ViewModel.swift in Sources */,
				2C483B9E29D5A396002A3A3E /* NeedleGenerated.swift in Sources */,
				2C483BA429D5A498002A3A3E /* PersonDependency.swift in Sources */,
				2C483B7B29D5892C002A3A3E /* AppDelegate.swift in Sources */,
				2C483BA229D5A473002A3A3E /* RootComponent.swift in Sources */,
				2C483B7D29D5892C002A3A3E /* SceneDelegate.swift in Sources */,
				2C483BA929D5A500002A3A3E /* DetailViewController.swift in Sources */,
				2C483BA629D5A4C8002A3A3E /* RobotDependency.swift in Sources */,
			);
			runOnlyForDeploymentPostprocessing = 0;
		};
/* End PBXSourcesBuildPhase section */

/* Begin PBXVariantGroup section */
		2C483B8529D5892D002A3A3E /* LaunchScreen.storyboard */ = {
			isa = PBXVariantGroup;
			children = (
				2C483B8629D5892D002A3A3E /* Base */,
			);
			name = LaunchScreen.storyboard;
			sourceTree = "<group>";
		};
/* End PBXVariantGroup section */

/* Begin XCBuildConfiguration section */
		2C483B8929D5892D002A3A3E /* Debug */ = {
			isa = XCBuildConfiguration;
			buildSettings = {
				ALWAYS_SEARCH_USER_PATHS = NO;
				CLANG_ANALYZER_NONNULL = YES;
				CLANG_ANALYZER_NUMBER_OBJECT_CONVERSION = YES_AGGRESSIVE;
				CLANG_CXX_LANGUAGE_STANDARD = "gnu++20";
				CLANG_ENABLE_MODULES = YES;
				CLANG_ENABLE_OBJC_ARC = YES;
				CLANG_ENABLE_OBJC_WEAK = YES;
				CLANG_WARN_BLOCK_CAPTURE_AUTORELEASING = YES;
				CLANG_WARN_BOOL_CONVERSION = YES;
				CLANG_WARN_COMMA = YES;
				CLANG_WARN_CONSTANT_CONVERSION = YES;
				CLANG_WARN_DEPRECATED_OBJC_IMPLEMENTATIONS = YES;
				CLANG_WARN_DIRECT_OBJC_ISA_USAGE = YES_ERROR;
				CLANG_WARN_DOCUMENTATION_COMMENTS = YES;
				CLANG_WARN_EMPTY_BODY = YES;
				CLANG_WARN_ENUM_CONVERSION = YES;
				CLANG_WARN_INFINITE_RECURSION = YES;
				CLANG_WARN_INT_CONVERSION = YES;
				CLANG_WARN_NON_LITERAL_NULL_CONVERSION = YES;
				CLANG_WARN_OBJC_IMPLICIT_RETAIN_SELF = YES;
				CLANG_WARN_OBJC_LITERAL_CONVERSION = YES;
				CLANG_WARN_OBJC_ROOT_CLASS = YES_ERROR;
				CLANG_WARN_QUOTED_INCLUDE_IN_FRAMEWORK_HEADER = YES;
				CLANG_WARN_RANGE_LOOP_ANALYSIS = YES;
				CLANG_WARN_STRICT_PROTOTYPES = YES;
				CLANG_WARN_SUSPICIOUS_MOVE = YES;
				CLANG_WARN_UNGUARDED_AVAILABILITY = YES_AGGRESSIVE;
				CLANG_WARN_UNREACHABLE_CODE = YES;
				CLANG_WARN__DUPLICATE_METHOD_MATCH = YES;
				COPY_PHASE_STRIP = NO;
				DEBUG_INFORMATION_FORMAT = dwarf;
				ENABLE_STRICT_OBJC_MSGSEND = YES;
				ENABLE_TESTABILITY = YES;
				GCC_C_LANGUAGE_STANDARD = gnu11;
				GCC_DYNAMIC_NO_PIC = NO;
				GCC_NO_COMMON_BLOCKS = YES;
				GCC_OPTIMIZATION_LEVEL = 0;
				GCC_PREPROCESSOR_DEFINITIONS = (
					"DEBUG=1",
					"$(inherited)",
				);
				GCC_WARN_64_TO_32_BIT_CONVERSION = YES;
				GCC_WARN_ABOUT_RETURN_TYPE = YES_ERROR;
				GCC_WARN_UNDECLARED_SELECTOR = YES;
				GCC_WARN_UNINITIALIZED_AUTOS = YES_AGGRESSIVE;
				GCC_WARN_UNUSED_FUNCTION = YES;
				GCC_WARN_UNUSED_VARIABLE = YES;
				IPHONEOS_DEPLOYMENT_TARGET = 16.2;
				MTL_ENABLE_DEBUG_INFO = INCLUDE_SOURCE;
				MTL_FAST_MATH = YES;
				ONLY_ACTIVE_ARCH = YES;
				SDKROOT = iphoneos;
				SWIFT_ACTIVE_COMPILATION_CONDITIONS = DEBUG;
				SWIFT_OPTIMIZATION_LEVEL = "-Onone";
			};
			name = Debug;
		};
		2C483B8A29D5892D002A3A3E /* Release */ = {
			isa = XCBuildConfiguration;
			buildSettings = {
				ALWAYS_SEARCH_USER_PATHS = NO;
				CLANG_ANALYZER_NONNULL = YES;
				CLANG_ANALYZER_NUMBER_OBJECT_CONVERSION = YES_AGGRESSIVE;
				CLANG_CXX_LANGUAGE_STANDARD = "gnu++20";
				CLANG_ENABLE_MODULES = YES;
				CLANG_ENABLE_OBJC_ARC = YES;
				CLANG_ENABLE_OBJC_WEAK = YES;
				CLANG_WARN_BLOCK_CAPTURE_AUTORELEASING = YES;
				CLANG_WARN_BOOL_CONVERSION = YES;
				CLANG_WARN_COMMA = YES;
				CLANG_WARN_CONSTANT_CONVERSION = YES;
				CLANG_WARN_DEPRECATED_OBJC_IMPLEMENTATIONS = YES;
				CLANG_WARN_DIRECT_OBJC_ISA_USAGE = YES_ERROR;
				CLANG_WARN_DOCUMENTATION_COMMENTS = YES;
				CLANG_WARN_EMPTY_BODY = YES;
				CLANG_WARN_ENUM_CONVERSION = YES;
				CLANG_WARN_INFINITE_RECURSION = YES;
				CLANG_WARN_INT_CONVERSION = YES;
				CLANG_WARN_NON_LITERAL_NULL_CONVERSION = YES;
				CLANG_WARN_OBJC_IMPLICIT_RETAIN_SELF = YES;
				CLANG_WARN_OBJC_LITERAL_CONVERSION = YES;
				CLANG_WARN_OBJC_ROOT_CLASS = YES_ERROR;
				CLANG_WARN_QUOTED_INCLUDE_IN_FRAMEWORK_HEADER = YES;
				CLANG_WARN_RANGE_LOOP_ANALYSIS = YES;
				CLANG_WARN_STRICT_PROTOTYPES = YES;
				CLANG_WARN_SUSPICIOUS_MOVE = YES;
				CLANG_WARN_UNGUARDED_AVAILABILITY = YES_AGGRESSIVE;
				CLANG_WARN_UNREACHABLE_CODE = YES;
				CLANG_WARN__DUPLICATE_METHOD_MATCH = YES;
				COPY_PHASE_STRIP = NO;
				DEBUG_INFORMATION_FORMAT = "dwarf-with-dsym";
				ENABLE_NS_ASSERTIONS = NO;
				ENABLE_STRICT_OBJC_MSGSEND = YES;
				GCC_C_LANGUAGE_STANDARD = gnu11;
				GCC_NO_COMMON_BLOCKS = YES;
				GCC_WARN_64_TO_32_BIT_CONVERSION = YES;
				GCC_WARN_ABOUT_RETURN_TYPE = YES_ERROR;
				GCC_WARN_UNDECLARED_SELECTOR = YES;
				GCC_WARN_UNINITIALIZED_AUTOS = YES_AGGRESSIVE;
				GCC_WARN_UNUSED_FUNCTION = YES;
				GCC_WARN_UNUSED_VARIABLE = YES;
				IPHONEOS_DEPLOYMENT_TARGET = 16.2;
				MTL_ENABLE_DEBUG_INFO = NO;
				MTL_FAST_MATH = YES;
				SDKROOT = iphoneos;
				SWIFT_COMPILATION_MODE = wholemodule;
				SWIFT_OPTIMIZATION_LEVEL = "-O";
				VALIDATE_PRODUCT = YES;
			};
			name = Release;
		};
		2C483B8C29D5892D002A3A3E /* Debug */ = {
			isa = XCBuildConfiguration;
			buildSettings = {
				ASSETCATALOG_COMPILER_APPICON_NAME = AppIcon;
				ASSETCATALOG_COMPILER_GLOBAL_ACCENT_COLOR_NAME = AccentColor;
				CODE_SIGN_STYLE = Automatic;
				CURRENT_PROJECT_VERSION = 1;
				DEVELOPMENT_TEAM = VKGAQDGK5R;
				GENERATE_INFOPLIST_FILE = YES;
				INFOPLIST_FILE = "Needle-Test/Info.plist";
				INFOPLIST_KEY_UIApplicationSupportsIndirectInputEvents = YES;
				INFOPLIST_KEY_UILaunchStoryboardName = LaunchScreen;
				INFOPLIST_KEY_UIMainStoryboardFile = "";
				INFOPLIST_KEY_UISupportedInterfaceOrientations_iPad = "UIInterfaceOrientationPortrait UIInterfaceOrientationPortraitUpsideDown UIInterfaceOrientationLandscapeLeft UIInterfaceOrientationLandscapeRight";
				INFOPLIST_KEY_UISupportedInterfaceOrientations_iPhone = "UIInterfaceOrientationPortrait UIInterfaceOrientationLandscapeLeft UIInterfaceOrientationLandscapeRight";
				LD_RUNPATH_SEARCH_PATHS = (
					"$(inherited)",
					"@executable_path/Frameworks",
				);
				MARKETING_VERSION = 1.0;
				PRODUCT_BUNDLE_IDENTIFIER = "com.boni.Needle-Test";
				PRODUCT_NAME = "$(TARGET_NAME)";
				SWIFT_EMIT_LOC_STRINGS = YES;
				SWIFT_VERSION = 5.0;
				TARGETED_DEVICE_FAMILY = "1,2";
			};
			name = Debug;
		};
		2C483B8D29D5892D002A3A3E /* Release */ = {
			isa = XCBuildConfiguration;
			buildSettings = {
				ASSETCATALOG_COMPILER_APPICON_NAME = AppIcon;
				ASSETCATALOG_COMPILER_GLOBAL_ACCENT_COLOR_NAME = AccentColor;
				CODE_SIGN_STYLE = Automatic;
				CURRENT_PROJECT_VERSION = 1;
				DEVELOPMENT_TEAM = VKGAQDGK5R;
				GENERATE_INFOPLIST_FILE = YES;
				INFOPLIST_FILE = "Needle-Test/Info.plist";
				INFOPLIST_KEY_UIApplicationSupportsIndirectInputEvents = YES;
				INFOPLIST_KEY_UILaunchStoryboardName = LaunchScreen;
				INFOPLIST_KEY_UIMainStoryboardFile = "";
				INFOPLIST_KEY_UISupportedInterfaceOrientations_iPad = "UIInterfaceOrientationPortrait UIInterfaceOrientationPortraitUpsideDown UIInterfaceOrientationLandscapeLeft UIInterfaceOrientationLandscapeRight";
				INFOPLIST_KEY_UISupportedInterfaceOrientations_iPhone = "UIInterfaceOrientationPortrait UIInterfaceOrientationLandscapeLeft UIInterfaceOrientationLandscapeRight";
				LD_RUNPATH_SEARCH_PATHS = (
					"$(inherited)",
					"@executable_path/Frameworks",
				);
				MARKETING_VERSION = 1.0;
				PRODUCT_BUNDLE_IDENTIFIER = "com.boni.Needle-Test";
				PRODUCT_NAME = "$(TARGET_NAME)";
				SWIFT_EMIT_LOC_STRINGS = YES;
				SWIFT_VERSION = 5.0;
				TARGETED_DEVICE_FAMILY = "1,2";
			};
			name = Release;
		};
/* End XCBuildConfiguration section */

/* Begin XCConfigurationList section */
		2C483B7229D5892C002A3A3E /* Build configuration list for PBXProject "Needle-Test" */ = {
			isa = XCConfigurationList;
			buildConfigurations = (
				2C483B8929D5892D002A3A3E /* Debug */,
				2C483B8A29D5892D002A3A3E /* Release */,
			);
			defaultConfigurationIsVisible = 0;
			defaultConfigurationName = Release;
		};
		2C483B8B29D5892D002A3A3E /* Build configuration list for PBXNativeTarget "Needle-Test" */ = {
			isa = XCConfigurationList;
			buildConfigurations = (
				2C483B8C29D5892D002A3A3E /* Debug */,
				2C483B8D29D5892D002A3A3E /* Release */,
			);
			defaultConfigurationIsVisible = 0;
			defaultConfigurationName = Release;
		};
/* End XCConfigurationList section */

/* Begin XCRemoteSwiftPackageReference section */
		2C483B8E29D5897B002A3A3E /* XCRemoteSwiftPackageReference "needle" */ = {
			isa = XCRemoteSwiftPackageReference;
			repositoryURL = "https://github.com/uber/needle.git";
			requirement = {
				branch = master;
				kind = branch;
			};
		};
/* End XCRemoteSwiftPackageReference section */

/* Begin XCSwiftPackageProductDependency section */
		2C483B8F29D5897B002A3A3E /* NeedleFoundation */ = {
			isa = XCSwiftPackageProductDependency;
			package = 2C483B8E29D5897B002A3A3E /* XCRemoteSwiftPackageReference "needle" */;
			productName = NeedleFoundation;
		};
/* End XCSwiftPackageProductDependency section */
	};
	rootObject = 2C483B6F29D5892C002A3A3E /* Project object */;
}
